
Microsoft Visual Studio Solution File, Format Version 12.00
# Visual Studio Version 16
VisualStudioVersion = 16.0.29512.175
MinimumVisualStudioVersion = 10.0.40219.1
Project("{9A19103F-16F7-4668-BE54-9A1E7A4F7556}") = "Ergo", "src\Ergo\Ergo.csproj", "{BFB70DE6-5C33-4171-8A01-5E4F79DF1971}"
EndProject
Project("{9A19103F-16F7-4668-BE54-9A1E7A4F7556}") = "Tests", "src\Tests\Tests.csproj", "{BE82AC51-14F5-4092-A745-A90BB8934B56}"
EndProject
Project("{2150E333-8FDC-42A3-9474-1A3956D46DE8}") = "Solution Items", "Solution Items", "{508CD70E-576B-4035-A37E-577A54523976}"
	ProjectSection(SolutionItems) = preProject
		.editorconfig = .editorconfig
	EndProjectSection
EndProject
Project("{FAE04EC0-301F-11D3-BF4B-00C04F79EFBC}") = "Demo", "Demo\Demo.csproj", "{CDB90D6D-0AE2-4A51-BA34-BCC135BFF15E}"
EndProject
Global
	GlobalSection(SolutionConfigurationPlatforms) = preSolution
		Debug|Any CPU = Debug|Any CPU
		Release|Any CPU = Release|Any CPU
	EndGlobalSection
	GlobalSection(ProjectConfigurationPlatforms) = postSolution
		{BFB70DE6-5C33-4171-8A01-5E4F79DF1971}.Debug|Any CPU.ActiveCfg = Debug|Any CPU
		{BFB70DE6-5C33-4171-8A01-5E4F79DF1971}.Debug|Any CPU.Build.0 = Debug|Any CPU
		{BFB70DE6-5C33-4171-8A01-5E4F79DF1971}.Release|Any CPU.ActiveCfg = Release|Any CPU
		{BFB70DE6-5C33-4171-8A01-5E4F79DF1971}.Release|Any CPU.Build.0 = Release|Any CPU
		{BE82AC51-14F5-4092-A745-A90BB8934B56}.Debug|Any CPU.ActiveCfg = Debug|Any CPU
		{BE82AC51-14F5-4092-A745-A90BB8934B56}.Debug|Any CPU.Build.0 = Debug|Any CPU
		{BE82AC51-14F5-4092-A745-A90BB8934B56}.Release|Any CPU.ActiveCfg = Release|Any CPU
		{BE82AC51-14F5-4092-A745-A90BB8934B56}.Release|Any CPU.Build.0 = Release|Any CPU
		{CDB90D6D-0AE2-4A51-BA34-BCC135BFF15E}.Debug|Any CPU.ActiveCfg = Debug|Any CPU
		{CDB90D6D-0AE2-4A51-BA34-BCC135BFF15E}.Debug|Any CPU.Build.0 = Debug|Any CPU
		{CDB90D6D-0AE2-4A51-BA34-BCC135BFF15E}.Release|Any CPU.ActiveCfg = Release|Any CPU
		{CDB90D6D-0AE2-4A51-BA34-BCC135BFF15E}.Release|Any CPU.Build.0 = Release|Any CPU
	EndGlobalSection
	GlobalSection(SolutionProperties) = preSolution
		HideSolutionNode = FALSE
	EndGlobalSection
	GlobalSection(ExtensibilityGlobals) = postSolution
		SolutionGuid = {4EC02158-DBF1-479D-9D3D-177E6F755BC3}
	EndGlobalSection
EndGlobal
